
Microsoft Visual Studio Solution File, Format Version 12.00
# Visual Studio 14
VisualStudioVersion = 14.0.25420.1
MinimumVisualStudioVersion = 10.0.40219.1
Project("{FAE04EC0-301F-11D3-BF4B-00C04F79EFBC}") = "Linq.Extensions", "LinqExtensions\Linq.Extensions.csproj", "{1E00E812-B3AB-49A1-BB43-B85513DBC714}"
EndProject
Project("{FAE04EC0-301F-11D3-BF4B-00C04F79EFBC}") = "Linq.Extensions.Tests", "Linq.Extensions.Tests\Linq.Extensions.Tests.csproj", "{02B6A3B9-657F-42DE-A541-9A9BC3DC361F}"
EndProject
Global
	GlobalSection(SolutionConfigurationPlatforms) = preSolution
		Debug|Any CPU = Debug|Any CPU
		Release|Any CPU = Release|Any CPU
	EndGlobalSection
	GlobalSection(ProjectConfigurationPlatforms) = postSolution
		{1E00E812-B3AB-49A1-BB43-B85513DBC714}.Debug|Any CPU.ActiveCfg = Debug|Any CPU
		{1E00E812-B3AB-49A1-BB43-B85513DBC714}.Debug|Any CPU.Build.0 = Debug|Any CPU
		{1E00E812-B3AB-49A1-BB43-B85513DBC714}.Release|Any CPU.ActiveCfg = Release|Any CPU
		{1E00E812-B3AB-49A1-BB43-B85513DBC714}.Release|Any CPU.Build.0 = Release|Any CPU
		{02B6A3B9-657F-42DE-A541-9A9BC3DC361F}.Debug|Any CPU.ActiveCfg = Debug|Any CPU
		{02B6A3B9-657F-42DE-A541-9A9BC3DC361F}.Debug|Any CPU.Build.0 = Debug|Any CPU
		{02B6A3B9-657F-42DE-A541-9A9BC3DC361F}.Release|Any CPU.ActiveCfg = Release|Any CPU
		{02B6A3B9-657F-42DE-A541-9A9BC3DC361F}.Release|Any CPU.Build.0 = Release|Any CPU
	EndGlobalSection
	GlobalSection(SolutionProperties) = preSolution
		HideSolutionNode = FALSE
	EndGlobalSection
EndGlobal
